{
  "name": "quiz-app",
  "version": "1.0.0",
  "lockfileVersion": 3,
  "requires": true,
  "packages": {
    "": {
      "name": "quiz-app",
      "version": "1.0.0",
      "license": "ISC",
      "dependencies": {
        "@huggingface/inference": "^3.5.1",
        "dotenv": "^16.4.7"
      }
    },
    "node_modules/@huggingface/inference": {
      "version": "3.5.1",
      "resolved": "https://registry.npmjs.org/@huggingface/inference/-/inference-3.5.1.tgz",
      "integrity": "sha512-NwTj5MS1eb4HfSp/O1/PyH1bEhTXl/iFh/K+8yYkUTHtK4AHXi/NDsV2LblhACaTEIhpOpYswL9cZx7z3y1tlg==",
      "license": "MIT",
      "dependencies": {
        "@huggingface/tasks": "^0.17.0"
      },
      "engines": {
        "node": ">=18"
      }
    },
    "node_modules/@huggingface/tasks": {
      "version": "0.17.0",
      "resolved": "https://registry.npmjs.org/@huggingface/tasks/-/tasks-0.17.0.tgz",
      "integrity": "sha512-tRF2gBBgt71VGTZa5Per7HzDWkQ+gzR6Ay2X2i0Cf9FJTMoHBIK0JJQ3W4wL1g4ebdDWiDppganqz8Upy3Hy4A==",
      "license": "MIT"
    },
    "node_modules/dotenv": {
      "version": "16.4.7",
      "resolved": "https://registry.npmjs.org/dotenv/-/dotenv-16.4.7.tgz",
      "integrity": "sha512-47qPchRCykZC03FhkYAhrvwU4xDBFIj1QPqaarj6mdM/hgUzfPHcpkHJOn3mJAufFeeAxAzeGsr5X0M4k6fLZQ==",
      "license": "BSD-2-Clause",
      "engines": {
        "node": ">=12"
      },
      "funding": {
        "url": "https://dotenvx.com"
      }
    }
  }
}
